
Microsoft Visual Studio Solution File, Format Version 12.00
# Visual Studio Version 17
VisualStudioVersion = 17.0.31903.59
MinimumVisualStudioVersion = 10.0.40219.1
Project("{2150E333-8FDC-42A3-9474-1A3956D46DE8}") = "src", "src", "{006E3316-9F01-4C9C-9EF6-DB339361C94B}"
EndProject
Project("{FAE04EC0-301F-11D3-BF4B-00C04F79EFBC}") = "QingSnap.App", "src\QingSnap.App\QingSnap.App.csproj", "{3A54E93B-CBFD-4293-9C0B-3BACAEA8A15F}"
EndProject
Global
	GlobalSection(SolutionConfigurationPlatforms) = preSolution
		Debug|Any CPU = Debug|Any CPU
		Release|Any CPU = Release|Any CPU
	EndGlobalSection
	GlobalSection(SolutionProperties) = preSolution
		HideSolutionNode = FALSE
	EndGlobalSection
	GlobalSection(ProjectConfigurationPlatforms) = postSolution
		{3A54E93B-CBFD-4293-9C0B-3BACAEA8A15F}.Debug|Any CPU.ActiveCfg = Debug|Any CPU
		{3A54E93B-CBFD-4293-9C0B-3BACAEA8A15F}.Debug|Any CPU.Build.0 = Debug|Any CPU
		{3A54E93B-CBFD-4293-9C0B-3BACAEA8A15F}.Release|Any CPU.ActiveCfg = Release|Any CPU
		{3A54E93B-CBFD-4293-9C0B-3BACAEA8A15F}.Release|Any CPU.Build.0 = Release|Any CPU
	EndGlobalSection
	GlobalSection(NestedProjects) = preSolution
		{3A54E93B-CBFD-4293-9C0B-3BACAEA8A15F} = {006E3316-9F01-4C9C-9EF6-DB339361C94B}
	EndGlobalSection
EndGlobal
